# THIS IS AN AUTOGENERATED FILE. DO NOT EDIT THIS FILE DIRECTLY.
# yarn lockfile v1


"@azure/functions@^3.0.0":
  version "3.2.0"
  resolved "https://registry.yarnpkg.com/@azure/functions/-/functions-3.2.0.tgz#c73003db8bd93be186824db29e98e00879bf0f91"
  integrity sha512-HbE7iORnYcjLzKNf5mIQRJQDTsVxhoXHRWEZ6KWdGh4e7+F9xTloiBicavbSoVmlAYivenIVpryHanVwsQaHUw==

"@types/node@16.x":
  version "16.11.56"
  resolved "https://registry.yarnpkg.com/@types/node/-/node-16.11.56.tgz#dcbb617669481e158e0f1c6204d1c768cd675901"
  integrity sha512-aFcUkv7EddxxOa/9f74DINReQ/celqH8DiB3fRYgVDM2Xm5QJL8sl80QKuAnGvwAsMn+H3IFA6WCrQh1CY7m1A==

typescript@^4.0.0:
  version "4.7.4"
  resolved "https://registry.yarnpkg.com/typescript/-/typescript-4.7.4.tgz#1a88596d1cf47d59507a1bcdfb5b9dfe4d488235"
  integrity sha512-C0WQT0gezHuw6AdY1M2jxUO83Rjf0HP7Sk1DtXj6j1EwkQNZrHAg2XPWlq62oqEhYvONq5pkC2Y9oPljWToLmQ==
